
Microsoft Visual Studio Solution File, Format Version 12.00
Project("{FAE04EC0-301F-11D3-BF4B-00C04F79EFBC}") = "SettingUpEnviroment", "SettingUpEnviroment\SettingUpEnviroment.csproj", "{38B40434-B2FC-47FB-8C58-1F964B6E79AA}"
EndProject
Project("{FAE04EC0-301F-11D3-BF4B-00C04F79EFBC}") = "writingFeatureFiles", "writingFeatureFiles\writingFeatureFiles.csproj", "{61DAC8CB-181F-4A1B-A5DA-DEA9DA174FFC}"
EndProject
Project("{FAE04EC0-301F-11D3-BF4B-00C04F79EFBC}") = "loadingTestDataWithSpecFlow", "loadingTestDataWithSpecFlow\loadingTestDataWithSpecFlow.csproj", "{4CEB1300-A456-4837-A6BF-961A3B1D63E1}"
EndProject
Global
	GlobalSection(SolutionConfigurationPlatforms) = preSolution
		Debug|Any CPU = Debug|Any CPU
		Release|Any CPU = Release|Any CPU
	EndGlobalSection
	GlobalSection(ProjectConfigurationPlatforms) = postSolution
		{38B40434-B2FC-47FB-8C58-1F964B6E79AA}.Debug|Any CPU.ActiveCfg = Debug|Any CPU
		{38B40434-B2FC-47FB-8C58-1F964B6E79AA}.Debug|Any CPU.Build.0 = Debug|Any CPU
		{38B40434-B2FC-47FB-8C58-1F964B6E79AA}.Release|Any CPU.ActiveCfg = Release|Any CPU
		{38B40434-B2FC-47FB-8C58-1F964B6E79AA}.Release|Any CPU.Build.0 = Release|Any CPU
		{61DAC8CB-181F-4A1B-A5DA-DEA9DA174FFC}.Debug|Any CPU.ActiveCfg = Debug|Any CPU
		{61DAC8CB-181F-4A1B-A5DA-DEA9DA174FFC}.Debug|Any CPU.Build.0 = Debug|Any CPU
		{61DAC8CB-181F-4A1B-A5DA-DEA9DA174FFC}.Release|Any CPU.ActiveCfg = Release|Any CPU
		{61DAC8CB-181F-4A1B-A5DA-DEA9DA174FFC}.Release|Any CPU.Build.0 = Release|Any CPU
		{4CEB1300-A456-4837-A6BF-961A3B1D63E1}.Debug|Any CPU.ActiveCfg = Debug|Any CPU
		{4CEB1300-A456-4837-A6BF-961A3B1D63E1}.Debug|Any CPU.Build.0 = Debug|Any CPU
		{4CEB1300-A456-4837-A6BF-961A3B1D63E1}.Release|Any CPU.ActiveCfg = Release|Any CPU
		{4CEB1300-A456-4837-A6BF-961A3B1D63E1}.Release|Any CPU.Build.0 = Release|Any CPU
	EndGlobalSection
EndGlobal
