
Microsoft Visual Studio Solution File, Format Version 12.00
Project("{FAE04EC0-301F-11D3-BF4B-00C04F79EFBC}") = "test_coverage", "test_coverage\test_coverage.csproj", "{FD34E194-CF15-47FA-8CAD-E40E731E804F}"
EndProject
Project("{FAE04EC0-301F-11D3-BF4B-00C04F79EFBC}") = "factories_and_fakes", "factories_and_fakes\factories_and_fakes.csproj", "{8E42FDC5-2FDF-4480-8F3D-1D16A7CA1C5E}"
EndProject
Global
	GlobalSection(SolutionConfigurationPlatforms) = preSolution
		Debug|Any CPU = Debug|Any CPU
		Release|Any CPU = Release|Any CPU
	EndGlobalSection
	GlobalSection(ProjectConfigurationPlatforms) = postSolution
		{FD34E194-CF15-47FA-8CAD-E40E731E804F}.Debug|Any CPU.ActiveCfg = Debug|Any CPU
		{FD34E194-CF15-47FA-8CAD-E40E731E804F}.Debug|Any CPU.Build.0 = Debug|Any CPU
		{FD34E194-CF15-47FA-8CAD-E40E731E804F}.Release|Any CPU.ActiveCfg = Release|Any CPU
		{FD34E194-CF15-47FA-8CAD-E40E731E804F}.Release|Any CPU.Build.0 = Release|Any CPU
		{8E42FDC5-2FDF-4480-8F3D-1D16A7CA1C5E}.Debug|Any CPU.ActiveCfg = Debug|Any CPU
		{8E42FDC5-2FDF-4480-8F3D-1D16A7CA1C5E}.Debug|Any CPU.Build.0 = Debug|Any CPU
		{8E42FDC5-2FDF-4480-8F3D-1D16A7CA1C5E}.Release|Any CPU.ActiveCfg = Release|Any CPU
		{8E42FDC5-2FDF-4480-8F3D-1D16A7CA1C5E}.Release|Any CPU.Build.0 = Release|Any CPU
	EndGlobalSection
EndGlobal
