
Microsoft Visual Studio Solution File, Format Version 12.00
Project("{FAE04EC0-301F-11D3-BF4B-00C04F79EFBC}") = "tdd_productRestApi", "tdd_productRestApi\tdd_productRestApi.csproj", "{16D46083-5065-499A-9CCA-7CCAB4EF6887}"
EndProject
Global
	GlobalSection(SolutionConfigurationPlatforms) = preSolution
		Debug|Any CPU = Debug|Any CPU
		Release|Any CPU = Release|Any CPU
	EndGlobalSection
	GlobalSection(ProjectConfigurationPlatforms) = postSolution
		{16D46083-5065-499A-9CCA-7CCAB4EF6887}.Debug|Any CPU.ActiveCfg = Debug|Any CPU
		{16D46083-5065-499A-9CCA-7CCAB4EF6887}.Debug|Any CPU.Build.0 = Debug|Any CPU
		{16D46083-5065-499A-9CCA-7CCAB4EF6887}.Release|Any CPU.ActiveCfg = Release|Any CPU
		{16D46083-5065-499A-9CCA-7CCAB4EF6887}.Release|Any CPU.Build.0 = Release|Any CPU
	EndGlobalSection
EndGlobal
